
Microsoft Visual Studio Solution File, Format Version 12.00
# Visual Studio 15
VisualStudioVersion = 15.0.28307.136
MinimumVisualStudioVersion = 10.0.40219.1
Project("{9A19103F-16F7-4668-BE54-9A1E7A4F7556}") = "EntityFrameworkCore.SqlServer.Extensions.Contains", "src\EntityFrameworkCore.SqlServer.Extensions.Contains\EntityFrameworkCore.SqlServer.Extensions.Contains.csproj", "{42670F8B-D2FD-4DAF-A791-4B570A5658FC}"
EndProject
Global
	GlobalSection(SolutionConfigurationPlatforms) = preSolution
		Debug|Any CPU = Debug|Any CPU
		Release|Any CPU = Release|Any CPU
	EndGlobalSection
	GlobalSection(ProjectConfigurationPlatforms) = postSolution
		{42670F8B-D2FD-4DAF-A791-4B570A5658FC}.Debug|Any CPU.ActiveCfg = Debug|Any CPU
		{42670F8B-D2FD-4DAF-A791-4B570A5658FC}.Debug|Any CPU.Build.0 = Debug|Any CPU
		{42670F8B-D2FD-4DAF-A791-4B570A5658FC}.Release|Any CPU.ActiveCfg = Release|Any CPU
		{42670F8B-D2FD-4DAF-A791-4B570A5658FC}.Release|Any CPU.Build.0 = Release|Any CPU
	EndGlobalSection
	GlobalSection(SolutionProperties) = preSolution
		HideSolutionNode = FALSE
	EndGlobalSection
	GlobalSection(ExtensibilityGlobals) = postSolution
		SolutionGuid = {C55D5FAD-8DF8-476B-A1AC-7462FBA766E7}
	EndGlobalSection
EndGlobal
